
Microsoft Visual Studio Solution File, Format Version 12.00
Project("{FAE04EC0-301F-11D3-BF4B-00C04F79EFBC}") = "Hedgemen", "Hedgemen\Hedgemen.csproj", "{FAAB834F-BB64-465F-8CDF-859D2EB9AA52}"
EndProject
Project("{FAE04EC0-301F-11D3-BF4B-00C04F79EFBC}") = "Petal.Framework", "Petal.Framework\Petal.Framework.csproj", "{4B8FB37D-DB86-48B7-81E9-08AE3BF049C4}"
EndProject
Project("{FAE04EC0-301F-11D3-BF4B-00C04F79EFBC}") = "Petal.Framework.Sandbox", "Petal.Framework.Sandbox\Petal.Framework.Sandbox.csproj", "{9D0E6AF8-3194-4627-88E8-A22191ABE749}"
EndProject
Project("{FAE04EC0-301F-11D3-BF4B-00C04F79EFBC}") = "ExampleMod", "ExampleMod\ExampleMod.csproj", "{38DF5420-1A53-467D-87F0-BBB69BBAF378}"
EndProject
Global
	GlobalSection(SolutionConfigurationPlatforms) = preSolution
		Debug|Any CPU = Debug|Any CPU
		Release|Any CPU = Release|Any CPU
	EndGlobalSection
	GlobalSection(ProjectConfigurationPlatforms) = postSolution
		{FAAB834F-BB64-465F-8CDF-859D2EB9AA52}.Debug|Any CPU.ActiveCfg = Debug|Any CPU
		{FAAB834F-BB64-465F-8CDF-859D2EB9AA52}.Debug|Any CPU.Build.0 = Debug|Any CPU
		{FAAB834F-BB64-465F-8CDF-859D2EB9AA52}.Release|Any CPU.ActiveCfg = Release|Any CPU
		{FAAB834F-BB64-465F-8CDF-859D2EB9AA52}.Release|Any CPU.Build.0 = Release|Any CPU
		{4B8FB37D-DB86-48B7-81E9-08AE3BF049C4}.Debug|Any CPU.ActiveCfg = Debug|Any CPU
		{4B8FB37D-DB86-48B7-81E9-08AE3BF049C4}.Debug|Any CPU.Build.0 = Debug|Any CPU
		{4B8FB37D-DB86-48B7-81E9-08AE3BF049C4}.Release|Any CPU.ActiveCfg = Release|Any CPU
		{4B8FB37D-DB86-48B7-81E9-08AE3BF049C4}.Release|Any CPU.Build.0 = Release|Any CPU
		{9D0E6AF8-3194-4627-88E8-A22191ABE749}.Debug|Any CPU.ActiveCfg = Debug|Any CPU
		{9D0E6AF8-3194-4627-88E8-A22191ABE749}.Debug|Any CPU.Build.0 = Debug|Any CPU
		{9D0E6AF8-3194-4627-88E8-A22191ABE749}.Release|Any CPU.ActiveCfg = Release|Any CPU
		{9D0E6AF8-3194-4627-88E8-A22191ABE749}.Release|Any CPU.Build.0 = Release|Any CPU
		{38DF5420-1A53-467D-87F0-BBB69BBAF378}.Debug|Any CPU.ActiveCfg = Debug|Any CPU
		{38DF5420-1A53-467D-87F0-BBB69BBAF378}.Debug|Any CPU.Build.0 = Debug|Any CPU
		{38DF5420-1A53-467D-87F0-BBB69BBAF378}.Release|Any CPU.ActiveCfg = Release|Any CPU
		{38DF5420-1A53-467D-87F0-BBB69BBAF378}.Release|Any CPU.Build.0 = Release|Any CPU
	EndGlobalSection
EndGlobal
